
Microsoft Visual Studio Solution File, Format Version 12.00
# Visual Studio Version 16
VisualStudioVersion = 16.0.29806.167
MinimumVisualStudioVersion = 10.0.40219.1
Project("{8BC9CEB8-8B4A-11D0-8D11-00A0C91BC942}") = "Trójkąt", "Trójkąt\Trójkąt.vcxproj", "{5F05CFAD-6F97-44F3-96BA-9C34A4E718CA}"
EndProject
Global
	GlobalSection(SolutionConfigurationPlatforms) = preSolution
		Debug|x64 = Debug|x64
		Debug|x86 = Debug|x86
		Release|x64 = Release|x64
		Release|x86 = Release|x86
	EndGlobalSection
	GlobalSection(ProjectConfigurationPlatforms) = postSolution
		{5F05CFAD-6F97-44F3-96BA-9C34A4E718CA}.Debug|x64.ActiveCfg = Debug|x64
		{5F05CFAD-6F97-44F3-96BA-9C34A4E718CA}.Debug|x64.Build.0 = Debug|x64
		{5F05CFAD-6F97-44F3-96BA-9C34A4E718CA}.Debug|x86.ActiveCfg = Debug|Win32
		{5F05CFAD-6F97-44F3-96BA-9C34A4E718CA}.Debug|x86.Build.0 = Debug|Win32
		{5F05CFAD-6F97-44F3-96BA-9C34A4E718CA}.Release|x64.ActiveCfg = Release|x64
		{5F05CFAD-6F97-44F3-96BA-9C34A4E718CA}.Release|x64.Build.0 = Release|x64
		{5F05CFAD-6F97-44F3-96BA-9C34A4E718CA}.Release|x86.ActiveCfg = Release|Win32
		{5F05CFAD-6F97-44F3-96BA-9C34A4E718CA}.Release|x86.Build.0 = Release|Win32
	EndGlobalSection
	GlobalSection(SolutionProperties) = preSolution
		HideSolutionNode = FALSE
	EndGlobalSection
	GlobalSection(ExtensibilityGlobals) = postSolution
		SolutionGuid = {DE195465-329F-427D-AE69-F3452F04BAEC}
	EndGlobalSection
EndGlobal
